absl-py==2.5.0
accelerate==1.12.0
addict==2.4.0
aiofile==3.12.3
alembic==1.20.0
annotated-doc==0.0.5
annotated-types==0.8.0
antlr4-python3-runtime==4.9.3
anyio==4.15.1
attrs==26.1.0
audioread==3.1.0
authlib==1.8.0
babel==2.18.0
beartype==0.22.9
blis==1.3.3
brotli==1.2.0
cachetools==7.2.0
caio==0.12.4
catalogue==2.0.10
certifi==2026.7.22
cffi==2.1.1
cfgv==3.5.0
charset-normalizer==3.5.1
click==8.5.0
cloudpathlib==0.25.0
cloudpickle==3.1.2
cn2an==0.5.24
confection==1.3.3
conformer==0.3.2
cryptography==50.0.1
csvw==4.1.0
cuda-bindings==13.0.3
cuda-pathfinder==1.8.2
curated-tokenizers==0.0.10
curated-transformers==0.1.1
cyclopts==4.25.3
cymem==2.0.13
cytoolz==1.1.0
decorator==5.3.1
deprecated==1.3.1
diffusers==0.39.0
distlib==0.4.3
dlinfo==2.0.0
dnspython==2.8.0
docopt==0.6.2
docstring-parser==0.18.0
einops==0.8.2
email-validator==2.3.0
en-core-web-sm @ https://github.com/explosion/spacy-models/releases/download/en_core_web_sm-3.8.0/en_core_web_sm-3.8.0-py3-none-any.whl
encodec==0.1.1
espeakng-loader==0.2.4
exceptiongroup==1.3.1
fastapi==0.141.1
fastmcp==3.4.7
fastmcp-slim==3.4.7
filelock==3.32.7
flatbuffers==25.12.19
fsspec==2026.9.0
fugashi==1.5.2
gradio==6.17.3
gradio-client==2.5.0
greenlet==3.5.6
griffelib==2.3.0
groovy==0.1.2
grpcio==1.84.0
h11==0.16.0
hf-gradio==0.4.1
hf-xet==1.6.0
httpcore==1.0.9
httptools==0.8.0
httpx==0.28.1
httpx-sse==0.4.3
huggingface-hub==0.36.2
identify==2.6.19
idna==3.20
importlib-metadata==9.0.1
inflect==7.5.0
intervaltree==3.2.1
isodate==0.7.2
jaconv==0.5.0
jaraco-classes==3.4.0
jaraco-context==6.1.2
jaraco-functools==4.6.0
jeepney==0.9.0
jieba==0.42.1
jinja2==3.1.6
joblib==1.6.0
joserfc==1.7.5
jsonargparse==4.52.0
jsonref==1.1.0
jsonschema==4.26.0
jsonschema-path==0.5.0
jsonschema-specifications==2025.9.1
keyring==25.7.0
kokoro==0.9.4
language-tags==1.3.1
lazy-loader==0.6
lhotse==1.33.0
librosa==0.11.0
linacodec @ git+https://github.com/ysharma3501/LinaCodec.git@c0ae7c7285e121475c27592cfbb600624b714290
llvmlite==0.43.0
loguru==0.7.3
mako==1.4.1
markdown==3.10.3
markdown-it-py==4.2.0
markupsafe==3.0.3
mcp==1.30.0
mdurl==0.1.2
misaki==0.9.4
ml-dtypes==0.5.4
mojimoji==0.0.13
more-itertools==11.1.0
mpmath==1.3.0
msgpack==1.2.2
murmurhash==1.0.15
narwhals==2.26.0
networkx==3.7
nodeenv==1.10.0
num2words==0.5.14
numba==0.60.0
numpy==1.26.4
nvidia-cublas==13.1.0.3
nvidia-cuda-cupti==13.0.85
nvidia-cuda-nvrtc==13.0.88
nvidia-cuda-runtime==13.0.96
nvidia-cudnn-cu13==9.15.1.9
nvidia-cufft==12.0.0.61
nvidia-cufile==1.15.1.6
nvidia-curand==10.4.0.35
nvidia-cusolver==12.0.4.66
nvidia-cusparse==12.6.3.3
nvidia-cusparselt-cu13==0.8.0
nvidia-nccl-cu13==2.28.9
nvidia-nvjitlink==13.0.88
nvidia-nvshmem-cu13==3.4.5
nvidia-nvtx==13.0.85
omegaconf==2.3.1
onnx==1.23.0
onnxruntime==1.30.0
openapi-pydantic==0.5.1
opentelemetry-api==1.44.0
ordered-set==4.1.0
orjson==3.12.0
packaging==26.3
pandas==3.0.6
pathable==0.6.0
pedalboard==0.9.25
phonemizer-fork==3.3.2
pillow==12.3.0
piper-phonemize @ https://github.com/csukuangfj/piper-phonemize/releases/download/v1.4.7/piper_phonemize-1.4.7-cp312-cp312-manylinux2014_aarch64.manylinux_2_17_aarch64.whl
plac==1.4.7
platformdirs==4.11.12
pooch==1.9.0
pre-commit==2.3.0
preshed==3.0.13
proces==0.1.7
protobuf==7.36.2
psutil==7.2.2
py-key-value-aio==0.4.6
pycparser==3.0
pydantic==2.13.5
pydantic-core==2.46.5
pydantic-settings==2.15.0
pydub==0.25.1
pygments==2.21.0
pyjwt==2.14.0
pykakasi==2.3.0
pyloudnorm==0.2.0
pyopenjtalk==0.4.1
pyparsing==3.3.3
pyperclip==1.11.0
pypinyin==0.55.0
pypinyin-dict==0.9.0
python-dateutil==2.9.0.post0
python-discovery==1.6.1
python-dotenv==1.2.3
python-multipart==0.0.32
pytz==2026.3.post1
pyyaml==6.0.3
qwen-tts==0.1.1
rdflib==7.6.0
referencing==0.37.0
regex==2026.9.10
requests==2.34.2
resemble-perth==1.0.1
rfc3986==1.5.0
rich==15.0.0
rich-rst==2.1.0
rpds-py==2026.6.3
s3tokenizer==0.3.0
safehttpx==0.1.7
safetensors==0.8.0
scikit-learn==1.9.1
scipy==1.17.1
secretstorage==3.5.0
segments==2.4.0
semantic-version==2.10.0
setuptools==80.10.2
shellingham==1.5.4
six==1.17.0
smart-open==8.0.1
sortedcontainers==2.4.0
soundfile==0.14.0
sox==1.5.0
soxr==1.1.0
spacy==3.8.16
spacy-curated-transformers==0.3.1
spacy-legacy==3.0.12
spacy-loggers==1.0.5
spacy-pkuseg==1.0.1
sqlalchemy==2.0.54
srsly==2.5.3
sse-starlette==3.4.11
starlette==1.6.0
sympy==1.14.0
tabulate==0.10.0
tensorboard==2.21.0
tensorboard-data-server==0.7.2
termcolor==3.3.0
thinc==8.3.13
threadpoolctl==3.7.0
tokenizers==0.22.2
toml==0.10.2
tomlkit==0.14.0
toolz==1.1.0
torch @ https://download-r2.pytorch.org/whl/cu130/torch-2.10.0%2Bcu130-cp312-cp312-manylinux_2_28_aarch64.whl#sha256=4fc8f67637f4c92b989a07d80ffe755e79a3510ca02ebf23ce66396fb277c88d
torchaudio @ https://download-r2.pytorch.org/whl/cu130/torchaudio-2.10.0%2Bcu130-cp312-cp312-manylinux_2_28_aarch64.whl#sha256=f04907b7a710cd612adb63db3a2dac6265e4679686fb2b1c9e1b70562b1bda29
tqdm==4.70.1
transformers==4.57.3
triton==3.6.0
typeguard==4.6.0
typer==0.27.2
typeshed-client==2.13.0
typing-extensions==4.16.0
typing-inspection==0.4.4
uncalled-for==0.4.0
unidic==1.1.0
unidic-lite==1.0.8
uritemplate==4.2.0
urllib3==2.8.0
uvicorn==0.53.0
uvloop==0.22.1
virtualenv==21.9.1
vocos==0.1.0
wasabi==0.10.1
watchfiles==1.3.0
weasel==1.0.0
websockets==17.1
werkzeug==3.1.8
wrapt==2.4.1
zipp==4.1.0
zipvoice @ git+https://github.com/ysharma3501/LuxTTS.git@28ae6a61151684fffc9d1a7aa15eafa02286fe0b
